// !$*UTF8*$!
{
	archiveVersion = 1;
	classes = {
	};
	objectVersion = 56;
	objects = {

/* Begin PBXBuildFile section */
		47ED8DCB2B8E72EA00E85B9F /* AppDelegate.swift in Sources */ = {isa = PBXBuildFile; fileRef = 47ED8DCA2B8E72EA00E85B9F /* AppDelegate.swift */; };
		47ED8DCD2B8E72EA00E85B9F /* SceneDelegate.swift in Sources */ = {isa = PBXBuildFile; fileRef = 47ED8DCC2B8E72EA00E85B9F /* SceneDelegate.swift */; };
		47ED8DCF2B8E72EA00E85B9F /* ViewController.swift in Sources */ = {isa = PBXBuildFile; fileRef = 47ED8DCE2B8E72EA00E85B9F /* ViewController.swift */; };
		47ED8DD22B8E72EA00E85B9F /* Main.storyboard in Resources */ = {isa = PBXBuildFile; fileRef = 47ED8DD02B8E72EA00E85B9F /* Main.storyboard */; };
		47ED8DD42B8E72EB00E85B9F /* Assets.xcassets in Resources */ = {isa = PBXBuildFile; fileRef = 47ED8DD32B8E72EB00E85B9F /* Assets.xcassets */; };
		47ED8DD72B8E72EB00E85B9F /* LaunchScreen.storyboard in Resources */ = {isa = PBXBuildFile; fileRef = 47ED8DD52B8E72EB00E85B9F /* LaunchScreen.storyboard */; };
		47ED8DE22B8E72EB00E85B9F /* ciCdHighwayToHellTests.swift in Sources */ = {isa = PBXBuildFile; fileRef = 47ED8DE12B8E72EB00E85B9F /* ciCdHighwayToHellTests.swift */; };
		47ED8DEC2B8E72EB00E85B9F /* ciCdHighwayToHellUITests.swift in Sources */ = {isa = PBXBuildFile; fileRef = 47ED8DEB2B8E72EB00E85B9F /* ciCdHighwayToHellUITests.swift */; };
		47ED8DEE2B8E72EB00E85B9F /* ciCdHighwayToHellUITestsLaunchTests.swift in Sources */ = {isa = PBXBuildFile; fileRef = 47ED8DED2B8E72EB00E85B9F /* ciCdHighwayToHellUITestsLaunchTests.swift */; };
/* End PBXBuildFile section */

/* Begin PBXContainerItemProxy section */
		47ED8DDE2B8E72EB00E85B9F /* PBXContainerItemProxy */ = {
			isa = PBXContainerItemProxy;
			containerPortal = 47ED8DBF2B8E72EA00E85B9F /* Project object */;
			proxyType = 1;
			remoteGlobalIDString = 47ED8DC62B8E72EA00E85B9F;
			remoteInfo = ciCdHighwayToHell;
		};
		47ED8DE82B8E72EB00E85B9F /* PBXContainerItemProxy */ = {
			isa = PBXContainerItemProxy;
			containerPortal = 47ED8DBF2B8E72EA00E85B9F /* Project object */;
			proxyType = 1;
			remoteGlobalIDString = 47ED8DC62B8E72EA00E85B9F;
			remoteInfo = ciCdHighwayToHell;
		};
/* End PBXContainerItemProxy section */

/* Begin PBXFileReference section */
		47ED8DC72B8E72EA00E85B9F /* ciCdHighwayToHell.app */ = {isa = PBXFileReference; explicitFileType = wrapper.application; includeInIndex = 0; path = ciCdHighwayToHell.app; sourceTree = BUILT_PRODUCTS_DIR; };
		47ED8DCA2B8E72EA00E85B9F /* AppDelegate.swift */ = {isa = PBXFileReference; lastKnownFileType = sourcecode.swift; path = AppDelegate.swift; sourceTree = "<group>"; };
		47ED8DCC2B8E72EA00E85B9F /* SceneDelegate.swift */ = {isa = PBXFileReference; lastKnownFileType = sourcecode.swift; path = SceneDelegate.swift; sourceTree = "<group>"; };
		47ED8DCE2B8E72EA00E85B9F /* ViewController.swift */ = {isa = PBXFileReference; lastKnownFileType = sourcecode.swift; path = ViewController.swift; sourceTree = "<group>"; };
		47ED8DD12B8E72EA00E85B9F /* Base */ = {isa = PBXFileReference; lastKnownFileType = file.storyboard; name = Base; path = Base.lproj/Main.storyboard; sourceTree = "<group>"; };
		47ED8DD32B8E72EB00E85B9F /* Assets.xcassets */ = {isa = PBXFileReference; lastKnownFileType = folder.assetcatalog; path = Assets.xcassets; sourceTree = "<group>"; };
		47ED8DD62B8E72EB00E85B9F /* Base */ = {isa = PBXFileReference; lastKnownFileType = file.storyboard; name = Base; path = Base.lproj/LaunchScreen.storyboard; sourceTree = "<group>"; };
		47ED8DD82B8E72EB00E85B9F /* Info.plist */ = {isa = PBXFileReference; lastKnownFileType = text.plist.xml; path = Info.plist; sourceTree = "<group>"; };
		47ED8DDD2B8E72EB00E85B9F /* ciCdHighwayToHellTests.xctest */ = {isa = PBXFileReference; explicitFileType = wrapper.cfbundle; includeInIndex = 0; path = ciCdHighwayToHellTests.xctest; sourceTree = BUILT_PRODUCTS_DIR; };
		47ED8DE12B8E72EB00E85B9F /* ciCdHighwayToHellTests.swift */ = {isa = PBXFileReference; lastKnownFileType = sourcecode.swift; path = ciCdHighwayToHellTests.swift; sourceTree = "<group>"; };
		47ED8DE72B8E72EB00E85B9F /* ciCdHighwayToHellUITests.xctest */ = {isa = PBXFileReference; explicitFileType = wrapper.cfbundle; includeInIndex = 0; path = ciCdHighwayToHellUITests.xctest; sourceTree = BUILT_PRODUCTS_DIR; };
		47ED8DEB2B8E72EB00E85B9F /* ciCdHighwayToHellUITests.swift */ = {isa = PBXFileReference; lastKnownFileType = sourcecode.swift; path = ciCdHighwayToHellUITests.swift; sourceTree = "<group>"; };
		47ED8DED2B8E72EB00E85B9F /* ciCdHighwayToHellUITestsLaunchTests.swift */ = {isa = PBXFileReference; lastKnownFileType = sourcecode.swift; path = ciCdHighwayToHellUITestsLaunchTests.swift; sourceTree = "<group>"; };
/* End PBXFileReference section */

/* Begin PBXFrameworksBuildPhase section */
		47ED8DC42B8E72EA00E85B9F /* Frameworks */ = {
			isa = PBXFrameworksBuildPhase;
			buildActionMask = 2147483647;
			files = (
			);
			runOnlyForDeploymentPostprocessing = 0;
		};
		47ED8DDA2B8E72EB00E85B9F /* Frameworks */ = {
			isa = PBXFrameworksBuildPhase;
			buildActionMask = 2147483647;
			files = (
			);
			runOnlyForDeploymentPostprocessing = 0;
		};
		47ED8DE42B8E72EB00E85B9F /* Frameworks */ = {
			isa = PBXFrameworksBuildPhase;
			buildActionMask = 2147483647;
			files = (
			);
			runOnlyForDeploymentPostprocessing = 0;
		};
/* End PBXFrameworksBuildPhase section */

/* Begin PBXGroup section */
		47ED8DBE2B8E72EA00E85B9F = {
			isa = PBXGroup;
			children = (
				47ED8DC92B8E72EA00E85B9F /* ciCdHighwayToHell */,
				47ED8DE02B8E72EB00E85B9F /* ciCdHighwayToHellTests */,
				47ED8DEA2B8E72EB00E85B9F /* ciCdHighwayToHellUITests */,
				47ED8DC82B8E72EA00E85B9F /* Products */,
			);
			sourceTree = "<group>";
		};
		47ED8DC82B8E72EA00E85B9F /* Products */ = {
			isa = PBXGroup;
			children = (
				47ED8DC72B8E72EA00E85B9F /* ciCdHighwayToHell.app */,
				47ED8DDD2B8E72EB00E85B9F /* ciCdHighwayToHellTests.xctest */,
				47ED8DE72B8E72EB00E85B9F /* ciCdHighwayToHellUITests.xctest */,
			);
			name = Products;
			sourceTree = "<group>";
		};
		47ED8DC92B8E72EA00E85B9F /* ciCdHighwayToHell */ = {
			isa = PBXGroup;
			children = (
				47ED8DCA2B8E72EA00E85B9F /* AppDelegate.swift */,
				47ED8DCC2B8E72EA00E85B9F /* SceneDelegate.swift */,
				47ED8DCE2B8E72EA00E85B9F /* ViewController.swift */,
				47ED8DD02B8E72EA00E85B9F /* Main.storyboard */,
				47ED8DD32B8E72EB00E85B9F /* Assets.xcassets */,
				47ED8DD52B8E72EB00E85B9F /* LaunchScreen.storyboard */,
				47ED8DD82B8E72EB00E85B9F /* Info.plist */,
			);
			path = ciCdHighwayToHell;
			sourceTree = "<group>";
		};
		47ED8DE02B8E72EB00E85B9F /* ciCdHighwayToHellTests */ = {
			isa = PBXGroup;
			children = (
				47ED8DE12B8E72EB00E85B9F /* ciCdHighwayToHellTests.swift */,
			);
			path = ciCdHighwayToHellTests;
			sourceTree = "<group>";
		};
		47ED8DEA2B8E72EB00E85B9F /* ciCdHighwayToHellUITests */ = {
			isa = PBXGroup;
			children = (
				47ED8DEB2B8E72EB00E85B9F /* ciCdHighwayToHellUITests.swift */,
				47ED8DED2B8E72EB00E85B9F /* ciCdHighwayToHellUITestsLaunchTests.swift */,
			);
			path = ciCdHighwayToHellUITests;
			sourceTree = "<group>";
		};
/* End PBXGroup section */

/* Begin PBXNativeTarget section */
		47ED8DC62B8E72EA00E85B9F /* ciCdHighwayToHell */ = {
			isa = PBXNativeTarget;
			buildConfigurationList = 47ED8DF12B8E72EB00E85B9F /* Build configuration list for PBXNativeTarget "ciCdHighwayToHell" */;
			buildPhases = (
				47ED8DC32B8E72EA00E85B9F /* Sources */,
				47ED8DC42B8E72EA00E85B9F /* Frameworks */,
				47ED8DC52B8E72EA00E85B9F /* Resources */,
			);
			buildRules = (
			);
			dependencies = (
			);
			name = ciCdHighwayToHell;
			productName = ciCdHighwayToHell;
			productReference = 47ED8DC72B8E72EA00E85B9F /* ciCdHighwayToHell.app */;
			productType = "com.apple.product-type.application";
		};
		47ED8DDC2B8E72EB00E85B9F /* ciCdHighwayToHellTests */ = {
			isa = PBXNativeTarget;
			buildConfigurationList = 47ED8DF42B8E72EB00E85B9F /* Build configuration list for PBXNativeTarget "ciCdHighwayToHellTests" */;
			buildPhases = (
				47ED8DD92B8E72EB00E85B9F /* Sources */,
				47ED8DDA2B8E72EB00E85B9F /* Frameworks */,
				47ED8DDB2B8E72EB00E85B9F /* Resources */,
			);
			buildRules = (
			);
			dependencies = (
				47ED8DDF2B8E72EB00E85B9F /* PBXTargetDependency */,
			);
			name = ciCdHighwayToHellTests;
			productName = ciCdHighwayToHellTests;
			productReference = 47ED8DDD2B8E72EB00E85B9F /* ciCdHighwayToHellTests.xctest */;
			productType = "com.apple.product-type.bundle.unit-test";
		};
		47ED8DE62B8E72EB00E85B9F /* ciCdHighwayToHellUITests */ = {
			isa = PBXNativeTarget;
			buildConfigurationList = 47ED8DF72B8E72EB00E85B9F /* Build configuration list for PBXNativeTarget "ciCdHighwayToHellUITests" */;
			buildPhases = (
				47ED8DE32B8E72EB00E85B9F /* Sources */,
				47ED8DE42B8E72EB00E85B9F /* Frameworks */,
				47ED8DE52B8E72EB00E85B9F /* Resources */,
			);
			buildRules = (
			);
			dependencies = (
				47ED8DE92B8E72EB00E85B9F /* PBXTargetDependency */,
			);
			name = ciCdHighwayToHellUITests;
			productName = ciCdHighwayToHellUITests;
			productReference = 47ED8DE72B8E72EB00E85B9F /* ciCdHighwayToHellUITests.xctest */;
			productType = "com.apple.product-type.bundle.ui-testing";
		};
/* End PBXNativeTarget section */

/* Begin PBXProject section */
		47ED8DBF2B8E72EA00E85B9F /* Project object */ = {
			isa = PBXProject;
			attributes = {
				BuildIndependentTargetsInParallel = 1;
				LastSwiftUpdateCheck = 1520;
				LastUpgradeCheck = 1520;
				TargetAttributes = {
					47ED8DC62B8E72EA00E85B9F = {
						CreatedOnToolsVersion = 15.2;
					};
					47ED8DDC2B8E72EB00E85B9F = {
						CreatedOnToolsVersion = 15.2;
						TestTargetID = 47ED8DC62B8E72EA00E85B9F;
					};
					47ED8DE62B8E72EB00E85B9F = {
						CreatedOnToolsVersion = 15.2;
						TestTargetID = 47ED8DC62B8E72EA00E85B9F;
					};
				};
			};
			buildConfigurationList = 47ED8DC22B8E72EA00E85B9F /* Build configuration list for PBXProject "ciCdHighwayToHell" */;
			compatibilityVersion = "Xcode 14.0";
			developmentRegion = en;
			hasScannedForEncodings = 0;
			knownRegions = (
				en,
				Base,
			);
			mainGroup = 47ED8DBE2B8E72EA00E85B9F;
			productRefGroup = 47ED8DC82B8E72EA00E85B9F /* Products */;
			projectDirPath = "";
			projectRoot = "";
			targets = (
				47ED8DC62B8E72EA00E85B9F /* ciCdHighwayToHell */,
				47ED8DDC2B8E72EB00E85B9F /* ciCdHighwayToHellTests */,
				47ED8DE62B8E72EB00E85B9F /* ciCdHighwayToHellUITests */,
			);
		};
/* End PBXProject section */

/* Begin PBXResourcesBuildPhase section */
		47ED8DC52B8E72EA00E85B9F /* Resources */ = {
			isa = PBXResourcesBuildPhase;
			buildActionMask = 2147483647;
			files = (
				47ED8DD72B8E72EB00E85B9F /* LaunchScreen.storyboard in Resources */,
				47ED8DD42B8E72EB00E85B9F /* Assets.xcassets in Resources */,
				47ED8DD22B8E72EA00E85B9F /* Main.storyboard in Resources */,
			);
			runOnlyForDeploymentPostprocessing = 0;
		};
		47ED8DDB2B8E72EB00E85B9F /* Resources */ = {
			isa = PBXResourcesBuildPhase;
			buildActionMask = 2147483647;
			files = (
			);
			runOnlyForDeploymentPostprocessing = 0;
		};
		47ED8DE52B8E72EB00E85B9F /* Resources */ = {
			isa = PBXResourcesBuildPhase;
			buildActionMask = 2147483647;
			files = (
			);
			runOnlyForDeploymentPostprocessing = 0;
		};
/* End PBXResourcesBuildPhase section */

/* Begin PBXSourcesBuildPhase section */
		47ED8DC32B8E72EA00E85B9F /* Sources */ = {
			isa = PBXSourcesBuildPhase;
			buildActionMask = 2147483647;
			files = (
				47ED8DCF2B8E72EA00E85B9F /* ViewController.swift in Sources */,
				47ED8DCB2B8E72EA00E85B9F /* AppDelegate.swift in Sources */,
				47ED8DCD2B8E72EA00E85B9F /* SceneDelegate.swift in Sources */,
			);
			runOnlyForDeploymentPostprocessing = 0;
		};
		47ED8DD92B8E72EB00E85B9F /* Sources */ = {
			isa = PBXSourcesBuildPhase;
			buildActionMask = 2147483647;
			files = (
				47ED8DE22B8E72EB00E85B9F /* ciCdHighwayToHellTests.swift in Sources */,
			);
			runOnlyForDeploymentPostprocessing = 0;
		};
		47ED8DE32B8E72EB00E85B9F /* Sources */ = {
			isa = PBXSourcesBuildPhase;
			buildActionMask = 2147483647;
			files = (
				47ED8DEC2B8E72EB00E85B9F /* ciCdHighwayToHellUITests.swift in Sources */,
				47ED8DEE2B8E72EB00E85B9F /* ciCdHighwayToHellUITestsLaunchTests.swift in Sources */,
			);
			runOnlyForDeploymentPostprocessing = 0;
		};
/* End PBXSourcesBuildPhase section */

/* Begin PBXTargetDependency section */
		47ED8DDF2B8E72EB00E85B9F /* PBXTargetDependency */ = {
			isa = PBXTargetDependency;
			target = 47ED8DC62B8E72EA00E85B9F /* ciCdHighwayToHell */;
			targetProxy = 47ED8DDE2B8E72EB00E85B9F /* PBXContainerItemProxy */;
		};
		47ED8DE92B8E72EB00E85B9F /* PBXTargetDependency */ = {
			isa = PBXTargetDependency;
			target = 47ED8DC62B8E72EA00E85B9F /* ciCdHighwayToHell */;
			targetProxy = 47ED8DE82B8E72EB00E85B9F /* PBXContainerItemProxy */;
		};
/* End PBXTargetDependency section */

/* Begin PBXVariantGroup section */
		47ED8DD02B8E72EA00E85B9F /* Main.storyboard */ = {
			isa = PBXVariantGroup;
			children = (
				47ED8DD12B8E72EA00E85B9F /* Base */,
			);
			name = Main.storyboard;
			sourceTree = "<group>";
		};
		47ED8DD52B8E72EB00E85B9F /* LaunchScreen.storyboard */ = {
			isa = PBXVariantGroup;
			children = (
				47ED8DD62B8E72EB00E85B9F /* Base */,
			);
			name = LaunchScreen.storyboard;
			sourceTree = "<group>";
		};
/* End PBXVariantGroup section */

/* Begin XCBuildConfiguration section */
		47ED8DEF2B8E72EB00E85B9F /* Debug */ = {
			isa = XCBuildConfiguration;
			buildSettings = {
				ALWAYS_SEARCH_USER_PATHS = NO;
				ASSETCATALOG_COMPILER_GENERATE_SWIFT_ASSET_SYMBOL_EXTENSIONS = YES;
				CLANG_ANALYZER_NONNULL = YES;
				CLANG_ANALYZER_NUMBER_OBJECT_CONVERSION = YES_AGGRESSIVE;
				CLANG_CXX_LANGUAGE_STANDARD = "gnu++20";
				CLANG_ENABLE_MODULES = YES;
				CLANG_ENABLE_OBJC_ARC = YES;
				CLANG_ENABLE_OBJC_WEAK = YES;
				CLANG_WARN_BLOCK_CAPTURE_AUTORELEASING = YES;
				CLANG_WARN_BOOL_CONVERSION = YES;
				CLANG_WARN_COMMA = YES;
				CLANG_WARN_CONSTANT_CONVERSION = YES;
				CLANG_WARN_DEPRECATED_OBJC_IMPLEMENTATIONS = YES;
				CLANG_WARN_DIRECT_OBJC_ISA_USAGE = YES_ERROR;
				CLANG_WARN_DOCUMENTATION_COMMENTS = YES;
				CLANG_WARN_EMPTY_BODY = YES;
				CLANG_WARN_ENUM_CONVERSION = YES;
				CLANG_WARN_INFINITE_RECURSION = YES;
				CLANG_WARN_INT_CONVERSION = YES;
				CLANG_WARN_NON_LITERAL_NULL_CONVERSION = YES;
				CLANG_WARN_OBJC_IMPLICIT_RETAIN_SELF = YES;
				CLANG_WARN_OBJC_LITERAL_CONVERSION = YES;
				CLANG_WARN_OBJC_ROOT_CLASS = YES_ERROR;
				CLANG_WARN_QUOTED_INCLUDE_IN_FRAMEWORK_HEADER = YES;
				CLANG_WARN_RANGE_LOOP_ANALYSIS = YES;
				CLANG_WARN_STRICT_PROTOTYPES = YES;
				CLANG_WARN_SUSPICIOUS_MOVE = YES;
				CLANG_WARN_UNGUARDED_AVAILABILITY = YES_AGGRESSIVE;
				CLANG_WARN_UNREACHABLE_CODE = YES;
				CLANG_WARN__DUPLICATE_METHOD_MATCH = YES;
				COPY_PHASE_STRIP = NO;
				DEBUG_INFORMATION_FORMAT = dwarf;
				ENABLE_STRICT_OBJC_MSGSEND = YES;
				ENABLE_TESTABILITY = YES;
				ENABLE_USER_SCRIPT_SANDBOXING = YES;
				GCC_C_LANGUAGE_STANDARD = gnu17;
				GCC_DYNAMIC_NO_PIC = NO;
				GCC_NO_COMMON_BLOCKS = YES;
				GCC_OPTIMIZATION_LEVEL = 0;
				GCC_PREPROCESSOR_DEFINITIONS = (
					"DEBUG=1",
					"$(inherited)",
				);
				GCC_WARN_64_TO_32_BIT_CONVERSION = YES;
				GCC_WARN_ABOUT_RETURN_TYPE = YES_ERROR;
				GCC_WARN_UNDECLARED_SELECTOR = YES;
				GCC_WARN_UNINITIALIZED_AUTOS = YES_AGGRESSIVE;
				GCC_WARN_UNUSED_FUNCTION = YES;
				GCC_WARN_UNUSED_VARIABLE = YES;
				IPHONEOS_DEPLOYMENT_TARGET = 17.2;
				LOCALIZATION_PREFERS_STRING_CATALOGS = YES;
				MTL_ENABLE_DEBUG_INFO = INCLUDE_SOURCE;
				MTL_FAST_MATH = YES;
				ONLY_ACTIVE_ARCH = YES;
				SDKROOT = iphoneos;
				SWIFT_ACTIVE_COMPILATION_CONDITIONS = "DEBUG $(inherited)";
				SWIFT_OPTIMIZATION_LEVEL = "-Onone";
			};
			name = Debug;
		};
		47ED8DF02B8E72EB00E85B9F /* Release */ = {
			isa = XCBuildConfiguration;
			buildSettings = {
				ALWAYS_SEARCH_USER_PATHS = NO;
				ASSETCATALOG_COMPILER_GENERATE_SWIFT_ASSET_SYMBOL_EXTENSIONS = YES;
				CLANG_ANALYZER_NONNULL = YES;
				CLANG_ANALYZER_NUMBER_OBJECT_CONVERSION = YES_AGGRESSIVE;
				CLANG_CXX_LANGUAGE_STANDARD = "gnu++20";
				CLANG_ENABLE_MODULES = YES;
				CLANG_ENABLE_OBJC_ARC = YES;
				CLANG_ENABLE_OBJC_WEAK = YES;
				CLANG_WARN_BLOCK_CAPTURE_AUTORELEASING = YES;
				CLANG_WARN_BOOL_CONVERSION = YES;
				CLANG_WARN_COMMA = YES;
				CLANG_WARN_CONSTANT_CONVERSION = YES;
				CLANG_WARN_DEPRECATED_OBJC_IMPLEMENTATIONS = YES;
				CLANG_WARN_DIRECT_OBJC_ISA_USAGE = YES_ERROR;
				CLANG_WARN_DOCUMENTATION_COMMENTS = YES;
				CLANG_WARN_EMPTY_BODY = YES;
				CLANG_WARN_ENUM_CONVERSION = YES;
				CLANG_WARN_INFINITE_RECURSION = YES;
				CLANG_WARN_INT_CONVERSION = YES;
				CLANG_WARN_NON_LITERAL_NULL_CONVERSION = YES;
				CLANG_WARN_OBJC_IMPLICIT_RETAIN_SELF = YES;
				CLANG_WARN_OBJC_LITERAL_CONVERSION = YES;
				CLANG_WARN_OBJC_ROOT_CLASS = YES_ERROR;
				CLANG_WARN_QUOTED_INCLUDE_IN_FRAMEWORK_HEADER = YES;
				CLANG_WARN_RANGE_LOOP_ANALYSIS = YES;
				CLANG_WARN_STRICT_PROTOTYPES = YES;
				CLANG_WARN_SUSPICIOUS_MOVE = YES;
				CLANG_WARN_UNGUARDED_AVAILABILITY = YES_AGGRESSIVE;
				CLANG_WARN_UNREACHABLE_CODE = YES;
				CLANG_WARN__DUPLICATE_METHOD_MATCH = YES;
				COPY_PHASE_STRIP = NO;
				DEBUG_INFORMATION_FORMAT = "dwarf-with-dsym";
				ENABLE_NS_ASSERTIONS = NO;
				ENABLE_STRICT_OBJC_MSGSEND = YES;
				ENABLE_USER_SCRIPT_SANDBOXING = YES;
				GCC_C_LANGUAGE_STANDARD = gnu17;
				GCC_NO_COMMON_BLOCKS = YES;
				GCC_WARN_64_TO_32_BIT_CONVERSION = YES;
				GCC_WARN_ABOUT_RETURN_TYPE = YES_ERROR;
				GCC_WARN_UNDECLARED_SELECTOR = YES;
				GCC_WARN_UNINITIALIZED_AUTOS = YES_AGGRESSIVE;
				GCC_WARN_UNUSED_FUNCTION = YES;
				GCC_WARN_UNUSED_VARIABLE = YES;
				IPHONEOS_DEPLOYMENT_TARGET = 17.2;
				LOCALIZATION_PREFERS_STRING_CATALOGS = YES;
				MTL_ENABLE_DEBUG_INFO = NO;
				MTL_FAST_MATH = YES;
				SDKROOT = iphoneos;
				SWIFT_COMPILATION_MODE = wholemodule;
				VALIDATE_PRODUCT = YES;
			};
			name = Release;
		};
		47ED8DF22B8E72EB00E85B9F /* Debug */ = {
			isa = XCBuildConfiguration;
			buildSettings = {
				ASSETCATALOG_COMPILER_APPICON_NAME = AppIcon;
				ASSETCATALOG_COMPILER_GLOBAL_ACCENT_COLOR_NAME = AccentColor;
				CODE_SIGN_STYLE = Automatic;
				CURRENT_PROJECT_VERSION = 1;
				GENERATE_INFOPLIST_FILE = YES;
				INFOPLIST_FILE = ciCdHighwayToHell/Info.plist;
				INFOPLIST_KEY_UIApplicationSupportsIndirectInputEvents = YES;
				INFOPLIST_KEY_UILaunchStoryboardName = LaunchScreen;
				INFOPLIST_KEY_UIMainStoryboardFile = Main;
				INFOPLIST_KEY_UISupportedInterfaceOrientations_iPad = "UIInterfaceOrientationPortrait UIInterfaceOrientationPortraitUpsideDown UIInterfaceOrientationLandscapeLeft UIInterfaceOrientationLandscapeRight";
				INFOPLIST_KEY_UISupportedInterfaceOrientations_iPhone = "UIInterfaceOrientationPortrait UIInterfaceOrientationLandscapeLeft UIInterfaceOrientationLandscapeRight";
				LD_RUNPATH_SEARCH_PATHS = (
					"$(inherited)",
					"@executable_path/Frameworks",
				);
				MARKETING_VERSION = 1.0;
				PRODUCT_BUNDLE_IDENTIFIER = pierrick.ciCdHighwayToHell;
				PRODUCT_NAME = "$(TARGET_NAME)";
				SWIFT_EMIT_LOC_STRINGS = YES;
				SWIFT_VERSION = 5.0;
				TARGETED_DEVICE_FAMILY = "1,2";
			};
			name = Debug;
		};
		47ED8DF32B8E72EB00E85B9F /* Release */ = {
			isa = XCBuildConfiguration;
			buildSettings = {
				ASSETCATALOG_COMPILER_APPICON_NAME = AppIcon;
				ASSETCATALOG_COMPILER_GLOBAL_ACCENT_COLOR_NAME = AccentColor;
				CODE_SIGN_STYLE = Automatic;
				CURRENT_PROJECT_VERSION = 1;
				GENERATE_INFOPLIST_FILE = YES;
				INFOPLIST_FILE = ciCdHighwayToHell/Info.plist;
				INFOPLIST_KEY_UIApplicationSupportsIndirectInputEvents = YES;
				INFOPLIST_KEY_UILaunchStoryboardName = LaunchScreen;
				INFOPLIST_KEY_UIMainStoryboardFile = Main;
				INFOPLIST_KEY_UISupportedInterfaceOrientations_iPad = "UIInterfaceOrientationPortrait UIInterfaceOrientationPortraitUpsideDown UIInterfaceOrientationLandscapeLeft UIInterfaceOrientationLandscapeRight";
				INFOPLIST_KEY_UISupportedInterfaceOrientations_iPhone = "UIInterfaceOrientationPortrait UIInterfaceOrientationLandscapeLeft UIInterfaceOrientationLandscapeRight";
				LD_RUNPATH_SEARCH_PATHS = (
					"$(inherited)",
					"@executable_path/Frameworks",
				);
				MARKETING_VERSION = 1.0;
				PRODUCT_BUNDLE_IDENTIFIER = pierrick.ciCdHighwayToHell;
				PRODUCT_NAME = "$(TARGET_NAME)";
				SWIFT_EMIT_LOC_STRINGS = YES;
				SWIFT_VERSION = 5.0;
				TARGETED_DEVICE_FAMILY = "1,2";
			};
			name = Release;
		};
		47ED8DF52B8E72EB00E85B9F /* Debug */ = {
			isa = XCBuildConfiguration;
			buildSettings = {
				ALWAYS_EMBED_SWIFT_STANDARD_LIBRARIES = YES;
				BUNDLE_LOADER = "$(TEST_HOST)";
				CODE_SIGN_STYLE = Automatic;
				CURRENT_PROJECT_VERSION = 1;
				GENERATE_INFOPLIST_FILE = YES;
				IPHONEOS_DEPLOYMENT_TARGET = 17.2;
				MARKETING_VERSION = 1.0;
				PRODUCT_BUNDLE_IDENTIFIER = pierrick.ciCdHighwayToHellTests;
				PRODUCT_NAME = "$(TARGET_NAME)";
				SWIFT_EMIT_LOC_STRINGS = NO;
				SWIFT_VERSION = 5.0;
				TARGETED_DEVICE_FAMILY = "1,2";
				TEST_HOST = "$(BUILT_PRODUCTS_DIR)/ciCdHighwayToHell.app/$(BUNDLE_EXECUTABLE_FOLDER_PATH)/ciCdHighwayToHell";
			};
			name = Debug;
		};
		47ED8DF62B8E72EB00E85B9F /* Release */ = {
			isa = XCBuildConfiguration;
			buildSettings = {
				ALWAYS_EMBED_SWIFT_STANDARD_LIBRARIES = YES;
				BUNDLE_LOADER = "$(TEST_HOST)";
				CODE_SIGN_STYLE = Automatic;
				CURRENT_PROJECT_VERSION = 1;
				GENERATE_INFOPLIST_FILE = YES;
				IPHONEOS_DEPLOYMENT_TARGET = 17.2;
				MARKETING_VERSION = 1.0;
				PRODUCT_BUNDLE_IDENTIFIER = pierrick.ciCdHighwayToHellTests;
				PRODUCT_NAME = "$(TARGET_NAME)";
				SWIFT_EMIT_LOC_STRINGS = NO;
				SWIFT_VERSION = 5.0;
				TARGETED_DEVICE_FAMILY = "1,2";
				TEST_HOST = "$(BUILT_PRODUCTS_DIR)/ciCdHighwayToHell.app/$(BUNDLE_EXECUTABLE_FOLDER_PATH)/ciCdHighwayToHell";
			};
			name = Release;
		};
		47ED8DF82B8E72EB00E85B9F /* Debug */ = {
			isa = XCBuildConfiguration;
			buildSettings = {
				ALWAYS_EMBED_SWIFT_STANDARD_LIBRARIES = YES;
				CODE_SIGN_STYLE = Automatic;
				CURRENT_PROJECT_VERSION = 1;
				GENERATE_INFOPLIST_FILE = YES;
				MARKETING_VERSION = 1.0;
				PRODUCT_BUNDLE_IDENTIFIER = pierrick.ciCdHighwayToHellUITests;
				PRODUCT_NAME = "$(TARGET_NAME)";
				SWIFT_EMIT_LOC_STRINGS = NO;
				SWIFT_VERSION = 5.0;
				TARGETED_DEVICE_FAMILY = "1,2";
				TEST_TARGET_NAME = ciCdHighwayToHell;
			};
			name = Debug;
		};
		47ED8DF92B8E72EB00E85B9F /* Release */ = {
			isa = XCBuildConfiguration;
			buildSettings = {
				ALWAYS_EMBED_SWIFT_STANDARD_LIBRARIES = YES;
				CODE_SIGN_STYLE = Automatic;
				CURRENT_PROJECT_VERSION = 1;
				GENERATE_INFOPLIST_FILE = YES;
				MARKETING_VERSION = 1.0;
				PRODUCT_BUNDLE_IDENTIFIER = pierrick.ciCdHighwayToHellUITests;
				PRODUCT_NAME = "$(TARGET_NAME)";
				SWIFT_EMIT_LOC_STRINGS = NO;
				SWIFT_VERSION = 5.0;
				TARGETED_DEVICE_FAMILY = "1,2";
				TEST_TARGET_NAME = ciCdHighwayToHell;
			};
			name = Release;
		};
/* End XCBuildConfiguration section */

/* Begin XCConfigurationList section */
		47ED8DC22B8E72EA00E85B9F /* Build configuration list for PBXProject "ciCdHighwayToHell" */ = {
			isa = XCConfigurationList;
			buildConfigurations = (
				47ED8DEF2B8E72EB00E85B9F /* Debug */,
				47ED8DF02B8E72EB00E85B9F /* Release */,
			);
			defaultConfigurationIsVisible = 0;
			defaultConfigurationName = Release;
		};
		47ED8DF12B8E72EB00E85B9F /* Build configuration list for PBXNativeTarget "ciCdHighwayToHell" */ = {
			isa = XCConfigurationList;
			buildConfigurations = (
				47ED8DF22B8E72EB00E85B9F /* Debug */,
				47ED8DF32B8E72EB00E85B9F /* Release */,
			);
			defaultConfigurationIsVisible = 0;
			defaultConfigurationName = Release;
		};
		47ED8DF42B8E72EB00E85B9F /* Build configuration list for PBXNativeTarget "ciCdHighwayToHellTests" */ = {
			isa = XCConfigurationList;
			buildConfigurations = (
				47ED8DF52B8E72EB00E85B9F /* Debug */,
				47ED8DF62B8E72EB00E85B9F /* Release */,
			);
			defaultConfigurationIsVisible = 0;
			defaultConfigurationName = Release;
		};
		47ED8DF72B8E72EB00E85B9F /* Build configuration list for PBXNativeTarget "ciCdHighwayToHellUITests" */ = {
			isa = XCConfigurationList;
			buildConfigurations = (
				47ED8DF82B8E72EB00E85B9F /* Debug */,
				47ED8DF92B8E72EB00E85B9F /* Release */,
			);
			defaultConfigurationIsVisible = 0;
			defaultConfigurationName = Release;
		};
/* End XCConfigurationList section */
	};
	rootObject = 47ED8DBF2B8E72EA00E85B9F /* Project object */;
}
